
Microsoft Visual Studio Solution File, Format Version 12.00
# Visual Studio Version 17
VisualStudioVersion = 17.9.34728.123
MinimumVisualStudioVersion = 10.0.40219.1
Project("{FAE04EC0-301F-11D3-BF4B-00C04F79EFBC}") = "EFCoreAss03", "EFCoreAss03\EFCoreAss03.csproj", "{EDF855F8-4C1C-4180-AE7C-6CA3089382F3}"
EndProject
Global
	GlobalSection(SolutionConfigurationPlatforms) = preSolution
		Debug|Any CPU = Debug|Any CPU
		Release|Any CPU = Release|Any CPU
	EndGlobalSection
	GlobalSection(ProjectConfigurationPlatforms) = postSolution
		{EDF855F8-4C1C-4180-AE7C-6CA3089382F3}.Debug|Any CPU.ActiveCfg = Debug|Any CPU
		{EDF855F8-4C1C-4180-AE7C-6CA3089382F3}.Debug|Any CPU.Build.0 = Debug|Any CPU
		{EDF855F8-4C1C-4180-AE7C-6CA3089382F3}.Release|Any CPU.ActiveCfg = Release|Any CPU
		{EDF855F8-4C1C-4180-AE7C-6CA3089382F3}.Release|Any CPU.Build.0 = Release|Any CPU
	EndGlobalSection
	GlobalSection(SolutionProperties) = preSolution
		HideSolutionNode = FALSE
	EndGlobalSection
	GlobalSection(ExtensibilityGlobals) = postSolution
		SolutionGuid = {F002741B-8887-48AF-AA88-665D49065777}
	EndGlobalSection
EndGlobal
